
Microsoft Visual Studio Solution File, Format Version 12.00
# Visual Studio Version 17
VisualStudioVersion = 17.11.35222.181
MinimumVisualStudioVersion = 10.0.40219.1
Project("{FAE04EC0-301F-11D3-BF4B-00C04F79EFBC}") = "MyPortfolio", "MyPortfolio\MyPortfolio.csproj", "{56B22AE7-AAA0-4FA8-BFB6-815A97F1D806}"
EndProject
Global
	GlobalSection(SolutionConfigurationPlatforms) = preSolution
		Debug|Any CPU = Debug|Any CPU
		Release|Any CPU = Release|Any CPU
	EndGlobalSection
	GlobalSection(ProjectConfigurationPlatforms) = postSolution
		{56B22AE7-AAA0-4FA8-BFB6-815A97F1D806}.Debug|Any CPU.ActiveCfg = Debug|Any CPU
		{56B22AE7-AAA0-4FA8-BFB6-815A97F1D806}.Debug|Any CPU.Build.0 = Debug|Any CPU
		{56B22AE7-AAA0-4FA8-BFB6-815A97F1D806}.Release|Any CPU.ActiveCfg = Release|Any CPU
		{56B22AE7-AAA0-4FA8-BFB6-815A97F1D806}.Release|Any CPU.Build.0 = Release|Any CPU
	EndGlobalSection
	GlobalSection(SolutionProperties) = preSolution
		HideSolutionNode = FALSE
	EndGlobalSection
	GlobalSection(ExtensibilityGlobals) = postSolution
		SolutionGuid = {CF753BA8-EAC0-4E4D-88B7-651FE1B6BE72}
	EndGlobalSection
EndGlobal
